{
  "name": "Code-Reference-Blockchain",
  "lockfileVersion": 2,
  "requires": true,
  "packages": {
    "": {
      "dependencies": {
        "it-to-buffer": "^2.0.2"
      }
    },
    "node_modules/it-to-buffer": {
      "version": "2.0.2",
      "resolved": "https://registry.npmjs.org/it-to-buffer/-/it-to-buffer-2.0.2.tgz",
      "integrity": "sha512-Frbv1sphcNFvD807Qw5fXpK4L7iuqShYSI7k30PfpJiy5IxdqMyaulWpLyl1hIJVVpkG+1UrJafFCnatzmZf5g==",
      "dependencies": {
        "uint8arrays": "^3.0.0"
      }
    },
    "node_modules/multiformats": {
      "version": "9.6.4",
      "resolved": "https://registry.npmjs.org/multiformats/-/multiformats-9.6.4.tgz",
      "integrity": "sha512-fCCB6XMrr6CqJiHNjfFNGT0v//dxOBMrOMqUIzpPc/mmITweLEyhvMpY9bF+jZ9z3vaMAau5E8B68DW77QMXkg=="
    },
    "node_modules/uint8arrays": {
      "version": "3.0.0",
      "resolved": "https://registry.npmjs.org/uint8arrays/-/uint8arrays-3.0.0.tgz",
      "integrity": "sha512-HRCx0q6O9Bfbp+HHSfQQKD7wU70+lydKVt4EghkdOvlK/NlrF90z+eXV34mUd48rNvVJXwkrMSPpCATkct8fJA==",
      "dependencies": {
        "multiformats": "^9.4.2"
      }
    }
  },
  "dependencies": {
    "it-to-buffer": {
      "version": "2.0.2",
      "resolved": "https://registry.npmjs.org/it-to-buffer/-/it-to-buffer-2.0.2.tgz",
      "integrity": "sha512-Frbv1sphcNFvD807Qw5fXpK4L7iuqShYSI7k30PfpJiy5IxdqMyaulWpLyl1hIJVVpkG+1UrJafFCnatzmZf5g==",
      "requires": {
        "uint8arrays": "^3.0.0"
      }
    },
    "multiformats": {
      "version": "9.6.4",
      "resolved": "https://registry.npmjs.org/multiformats/-/multiformats-9.6.4.tgz",
      "integrity": "sha512-fCCB6XMrr6CqJiHNjfFNGT0v//dxOBMrOMqUIzpPc/mmITweLEyhvMpY9bF+jZ9z3vaMAau5E8B68DW77QMXkg=="
    },
    "uint8arrays": {
      "version": "3.0.0",
      "resolved": "https://registry.npmjs.org/uint8arrays/-/uint8arrays-3.0.0.tgz",
      "integrity": "sha512-HRCx0q6O9Bfbp+HHSfQQKD7wU70+lydKVt4EghkdOvlK/NlrF90z+eXV34mUd48rNvVJXwkrMSPpCATkct8fJA==",
      "requires": {
        "multiformats": "^9.4.2"
      }
    }
  }
}
